// !$*UTF8*$!
{
	archiveVersion = 1;
	classes = {
	};
	objectVersion = 55;
	objects = {

/* Begin PBXBuildFile section */
		AC95461F27E82B5100518224 /* AppDelegate.swift in Sources */ = {isa = PBXBuildFile; fileRef = AC95461E27E82B5100518224 /* AppDelegate.swift */; };
		AC95462127E82B5100518224 /* SceneDelegate.swift in Sources */ = {isa = PBXBuildFile; fileRef = AC95462027E82B5100518224 /* SceneDelegate.swift */; };
		AC95462627E82B5100518224 /* Main.storyboard in Resources */ = {isa = PBXBuildFile; fileRef = AC95462427E82B5100518224 /* Main.storyboard */; };
		AC95462827E82B5200518224 /* Assets.xcassets in Resources */ = {isa = PBXBuildFile; fileRef = AC95462727E82B5200518224 /* Assets.xcassets */; };
		AC95462B27E82B5200518224 /* LaunchScreen.storyboard in Resources */ = {isa = PBXBuildFile; fileRef = AC95462927E82B5200518224 /* LaunchScreen.storyboard */; };
		AC95463627E82B5200518224 /* BBVKTests.swift in Sources */ = {isa = PBXBuildFile; fileRef = AC95463527E82B5200518224 /* BBVKTests.swift */; };
		AC95464027E82B5200518224 /* BBVKUITests.swift in Sources */ = {isa = PBXBuildFile; fileRef = AC95463F27E82B5200518224 /* BBVKUITests.swift */; };
		AC95464227E82B5200518224 /* BBVKUITestsLaunchTests.swift in Sources */ = {isa = PBXBuildFile; fileRef = AC95464127E82B5200518224 /* BBVKUITestsLaunchTests.swift */; };
		AC95465E27E8373500518224 /* ViewController.swift in Sources */ = {isa = PBXBuildFile; fileRef = AC95465927E8373400518224 /* ViewController.swift */; };
		AC95465F27E8373500518224 /* uploaddocument sunview.swift in Sources */ = {isa = PBXBuildFile; fileRef = AC95465C27E8373400518224 /* uploaddocument sunview.swift */; };
		AC95466027E8373500518224 /* VerificacionIdentidadWelcome.swift in Sources */ = {isa = PBXBuildFile; fileRef = AC95465D27E8373400518224 /* VerificacionIdentidadWelcome.swift */; };
		AC95466B27E8387E00518224 /* ViewController.swift in Sources */ = {isa = PBXBuildFile; fileRef = AC95466227E8387E00518224 /* ViewController.swift */; };
		AC95466C27E8387E00518224 /* uploaddocument sunview.swift in Sources */ = {isa = PBXBuildFile; fileRef = AC95466527E8387E00518224 /* uploaddocument sunview.swift */; };
		AC95466D27E8387E00518224 /* VerificacionIdentidadWelcome.swift in Sources */ = {isa = PBXBuildFile; fileRef = AC95466627E8387E00518224 /* VerificacionIdentidadWelcome.swift */; };
		AC95466E27E8387E00518224 /* constants.swift in Sources */ = {isa = PBXBuildFile; fileRef = AC95466827E8387E00518224 /* constants.swift */; };
		AC95466F27E8387E00518224 /* BBVKUtilities.swift in Sources */ = {isa = PBXBuildFile; fileRef = AC95466927E8387E00518224 /* BBVKUtilities.swift */; };
		AC95467027E8387E00518224 /* Utils.swift in Sources */ = {isa = PBXBuildFile; fileRef = AC95466A27E8387E00518224 /* Utils.swift */; };
		AC95467227E83D2000518224 /* PasswordCreationView.swift in Sources */ = {isa = PBXBuildFile; fileRef = AC95467127E83D1F00518224 /* PasswordCreationView.swift */; };
/* End PBXBuildFile section */

/* Begin PBXContainerItemProxy section */
		AC95463227E82B5200518224 /* PBXContainerItemProxy */ = {
			isa = PBXContainerItemProxy;
			containerPortal = AC95461327E82B5100518224 /* Project object */;
			proxyType = 1;
			remoteGlobalIDString = AC95461A27E82B5100518224;
			remoteInfo = BBVK;
		};
		AC95463C27E82B5200518224 /* PBXContainerItemProxy */ = {
			isa = PBXContainerItemProxy;
			containerPortal = AC95461327E82B5100518224 /* Project object */;
			proxyType = 1;
			remoteGlobalIDString = AC95461A27E82B5100518224;
			remoteInfo = BBVK;
		};
/* End PBXContainerItemProxy section */

/* Begin PBXFileReference section */
		AC95461B27E82B5100518224 /* BBVK.app */ = {isa = PBXFileReference; explicitFileType = wrapper.application; includeInIndex = 0; path = BBVK.app; sourceTree = BUILT_PRODUCTS_DIR; };
		AC95461E27E82B5100518224 /* AppDelegate.swift */ = {isa = PBXFileReference; lastKnownFileType = sourcecode.swift; path = AppDelegate.swift; sourceTree = "<group>"; };
		AC95462027E82B5100518224 /* SceneDelegate.swift */ = {isa = PBXFileReference; lastKnownFileType = sourcecode.swift; path = SceneDelegate.swift; sourceTree = "<group>"; };
		AC95462527E82B5100518224 /* Base */ = {isa = PBXFileReference; lastKnownFileType = file.storyboard; name = Base; path = Base.lproj/Main.storyboard; sourceTree = "<group>"; };
		AC95462727E82B5200518224 /* Assets.xcassets */ = {isa = PBXFileReference; lastKnownFileType = folder.assetcatalog; path = Assets.xcassets; sourceTree = "<group>"; };
		AC95462A27E82B5200518224 /* Base */ = {isa = PBXFileReference; lastKnownFileType = file.storyboard; name = Base; path = Base.lproj/LaunchScreen.storyboard; sourceTree = "<group>"; };
		AC95462C27E82B5200518224 /* Info.plist */ = {isa = PBXFileReference; lastKnownFileType = text.plist.xml; path = Info.plist; sourceTree = "<group>"; };
		AC95463127E82B5200518224 /* BBVKTests.xctest */ = {isa = PBXFileReference; explicitFileType = wrapper.cfbundle; includeInIndex = 0; path = BBVKTests.xctest; sourceTree = BUILT_PRODUCTS_DIR; };
		AC95463527E82B5200518224 /* BBVKTests.swift */ = {isa = PBXFileReference; lastKnownFileType = sourcecode.swift; path = BBVKTests.swift; sourceTree = "<group>"; };
		AC95463B27E82B5200518224 /* BBVKUITests.xctest */ = {isa = PBXFileReference; explicitFileType = wrapper.cfbundle; includeInIndex = 0; path = BBVKUITests.xctest; sourceTree = BUILT_PRODUCTS_DIR; };
		AC95463F27E82B5200518224 /* BBVKUITests.swift */ = {isa = PBXFileReference; lastKnownFileType = sourcecode.swift; path = BBVKUITests.swift; sourceTree = "<group>"; };
		AC95464127E82B5200518224 /* BBVKUITestsLaunchTests.swift */ = {isa = PBXFileReference; lastKnownFileType = sourcecode.swift; path = BBVKUITestsLaunchTests.swift; sourceTree = "<group>"; };
		AC95465927E8373400518224 /* ViewController.swift */ = {isa = PBXFileReference; fileEncoding = 4; lastKnownFileType = sourcecode.swift; path = ViewController.swift; sourceTree = "<group>"; };
		AC95465B27E8373400518224 /* MyPlayground.playground */ = {isa = PBXFileReference; lastKnownFileType = file.playground; path = MyPlayground.playground; sourceTree = "<group>"; };
		AC95465C27E8373400518224 /* uploaddocument sunview.swift */ = {isa = PBXFileReference; fileEncoding = 4; lastKnownFileType = sourcecode.swift; path = "uploaddocument sunview.swift"; sourceTree = "<group>"; };
		AC95465D27E8373400518224 /* VerificacionIdentidadWelcome.swift */ = {isa = PBXFileReference; fileEncoding = 4; lastKnownFileType = sourcecode.swift; path = VerificacionIdentidadWelcome.swift; sourceTree = "<group>"; };
		AC95466227E8387E00518224 /* ViewController.swift */ = {isa = PBXFileReference; fileEncoding = 4; lastKnownFileType = sourcecode.swift; path = ViewController.swift; sourceTree = "<group>"; };
		AC95466527E8387E00518224 /* uploaddocument sunview.swift */ = {isa = PBXFileReference; fileEncoding = 4; lastKnownFileType = sourcecode.swift; path = "uploaddocument sunview.swift"; sourceTree = "<group>"; };
		AC95466627E8387E00518224 /* VerificacionIdentidadWelcome.swift */ = {isa = PBXFileReference; fileEncoding = 4; lastKnownFileType = sourcecode.swift; path = VerificacionIdentidadWelcome.swift; sourceTree = "<group>"; };
		AC95466827E8387E00518224 /* constants.swift */ = {isa = PBXFileReference; fileEncoding = 4; lastKnownFileType = sourcecode.swift; path = constants.swift; sourceTree = "<group>"; };
		AC95466927E8387E00518224 /* BBVKUtilities.swift */ = {isa = PBXFileReference; fileEncoding = 4; lastKnownFileType = sourcecode.swift; path = BBVKUtilities.swift; sourceTree = "<group>"; };
		AC95466A27E8387E00518224 /* Utils.swift */ = {isa = PBXFileReference; fileEncoding = 4; lastKnownFileType = sourcecode.swift; path = Utils.swift; sourceTree = "<group>"; };
		AC95467127E83D1F00518224 /* PasswordCreationView.swift */ = {isa = PBXFileReference; lastKnownFileType = sourcecode.swift; path = PasswordCreationView.swift; sourceTree = "<group>"; };
/* End PBXFileReference section */

/* Begin PBXFrameworksBuildPhase section */
		AC95461827E82B5100518224 /* Frameworks */ = {
			isa = PBXFrameworksBuildPhase;
			buildActionMask = 2147483647;
			files = (
			);
			runOnlyForDeploymentPostprocessing = 0;
		};
		AC95462E27E82B5200518224 /* Frameworks */ = {
			isa = PBXFrameworksBuildPhase;
			buildActionMask = 2147483647;
			files = (
			);
			runOnlyForDeploymentPostprocessing = 0;
		};
		AC95463827E82B5200518224 /* Frameworks */ = {
			isa = PBXFrameworksBuildPhase;
			buildActionMask = 2147483647;
			files = (
			);
			runOnlyForDeploymentPostprocessing = 0;
		};
/* End PBXFrameworksBuildPhase section */

/* Begin PBXGroup section */
		AC95461227E82B5100518224 = {
			isa = PBXGroup;
			children = (
				AC95461D27E82B5100518224 /* BBVK */,
				AC95463427E82B5200518224 /* BBVKTests */,
				AC95463E27E82B5200518224 /* BBVKUITests */,
				AC95461C27E82B5100518224 /* Products */,
			);
			sourceTree = "<group>";
		};
		AC95461C27E82B5100518224 /* Products */ = {
			isa = PBXGroup;
			children = (
				AC95461B27E82B5100518224 /* BBVK.app */,
				AC95463127E82B5200518224 /* BBVKTests.xctest */,
				AC95463B27E82B5200518224 /* BBVKUITests.xctest */,
			);
			name = Products;
			sourceTree = "<group>";
		};
		AC95461D27E82B5100518224 /* BBVK */ = {
			isa = PBXGroup;
			children = (
				AC95466727E8387E00518224 /* Utilities */,
				AC95466127E8387E00518224 /* Views */,
				AC95461E27E82B5100518224 /* AppDelegate.swift */,
				AC95462027E82B5100518224 /* SceneDelegate.swift */,
				AC95462427E82B5100518224 /* Main.storyboard */,
				AC95462727E82B5200518224 /* Assets.xcassets */,
				AC95462927E82B5200518224 /* LaunchScreen.storyboard */,
				AC95462C27E82B5200518224 /* Info.plist */,
			);
			path = BBVK;
			sourceTree = "<group>";
		};
		AC95463427E82B5200518224 /* BBVKTests */ = {
			isa = PBXGroup;
			children = (
				AC95463527E82B5200518224 /* BBVKTests.swift */,
			);
			path = BBVKTests;
			sourceTree = "<group>";
		};
		AC95463E27E82B5200518224 /* BBVKUITests */ = {
			isa = PBXGroup;
			children = (
				AC95465827E8373400518224 /* Views */,
				AC95463F27E82B5200518224 /* BBVKUITests.swift */,
				AC95464127E82B5200518224 /* BBVKUITestsLaunchTests.swift */,
			);
			path = BBVKUITests;
			sourceTree = "<group>";
		};
		AC95465827E8373400518224 /* Views */ = {
			isa = PBXGroup;
			children = (
				AC95465927E8373400518224 /* ViewController.swift */,
				AC95465A27E8373400518224 /* uploadDocumentsSubviews */,
				AC95465D27E8373400518224 /* VerificacionIdentidadWelcome.swift */,
			);
			path = Views;
			sourceTree = SOURCE_ROOT;
		};
		AC95465A27E8373400518224 /* uploadDocumentsSubviews */ = {
			isa = PBXGroup;
			children = (
				AC95465B27E8373400518224 /* MyPlayground.playground */,
				AC95465C27E8373400518224 /* uploaddocument sunview.swift */,
			);
			path = uploadDocumentsSubviews;
			sourceTree = "<group>";
		};
		AC95466127E8387E00518224 /* Views */ = {
			isa = PBXGroup;
			children = (
				AC95466227E8387E00518224 /* ViewController.swift */,
				AC95467127E83D1F00518224 /* PasswordCreationView.swift */,
				AC95466327E8387E00518224 /* uploadDocumentsSubviews */,
				AC95466627E8387E00518224 /* VerificacionIdentidadWelcome.swift */,
			);
			path = Views;
			sourceTree = "<group>";
		};
		AC95466327E8387E00518224 /* uploadDocumentsSubviews */ = {
			isa = PBXGroup;
			children = (
				AC95466527E8387E00518224 /* uploaddocument sunview.swift */,
			);
			path = uploadDocumentsSubviews;
			sourceTree = "<group>";
		};
		AC95466727E8387E00518224 /* Utilities */ = {
			isa = PBXGroup;
			children = (
				AC95466827E8387E00518224 /* constants.swift */,
				AC95466927E8387E00518224 /* BBVKUtilities.swift */,
				AC95466A27E8387E00518224 /* Utils.swift */,
			);
			path = Utilities;
			sourceTree = "<group>";
		};
/* End PBXGroup section */

/* Begin PBXNativeTarget section */
		AC95461A27E82B5100518224 /* BBVK */ = {
			isa = PBXNativeTarget;
			buildConfigurationList = AC95464527E82B5200518224 /* Build configuration list for PBXNativeTarget "BBVK" */;
			buildPhases = (
				AC95461727E82B5100518224 /* Sources */,
				AC95461827E82B5100518224 /* Frameworks */,
				AC95461927E82B5100518224 /* Resources */,
			);
			buildRules = (
			);
			dependencies = (
			);
			name = BBVK;
			productName = BBVK;
			productReference = AC95461B27E82B5100518224 /* BBVK.app */;
			productType = "com.apple.product-type.application";
		};
		AC95463027E82B5200518224 /* BBVKTests */ = {
			isa = PBXNativeTarget;
			buildConfigurationList = AC95464827E82B5200518224 /* Build configuration list for PBXNativeTarget "BBVKTests" */;
			buildPhases = (
				AC95462D27E82B5200518224 /* Sources */,
				AC95462E27E82B5200518224 /* Frameworks */,
				AC95462F27E82B5200518224 /* Resources */,
			);
			buildRules = (
			);
			dependencies = (
				AC95463327E82B5200518224 /* PBXTargetDependency */,
			);
			name = BBVKTests;
			productName = BBVKTests;
			productReference = AC95463127E82B5200518224 /* BBVKTests.xctest */;
			productType = "com.apple.product-type.bundle.unit-test";
		};
		AC95463A27E82B5200518224 /* BBVKUITests */ = {
			isa = PBXNativeTarget;
			buildConfigurationList = AC95464B27E82B5200518224 /* Build configuration list for PBXNativeTarget "BBVKUITests" */;
			buildPhases = (
				AC95463727E82B5200518224 /* Sources */,
				AC95463827E82B5200518224 /* Frameworks */,
				AC95463927E82B5200518224 /* Resources */,
			);
			buildRules = (
			);
			dependencies = (
				AC95463D27E82B5200518224 /* PBXTargetDependency */,
			);
			name = BBVKUITests;
			productName = BBVKUITests;
			productReference = AC95463B27E82B5200518224 /* BBVKUITests.xctest */;
			productType = "com.apple.product-type.bundle.ui-testing";
		};
/* End PBXNativeTarget section */

/* Begin PBXProject section */
		AC95461327E82B5100518224 /* Project object */ = {
			isa = PBXProject;
			attributes = {
				BuildIndependentTargetsInParallel = 1;
				LastSwiftUpdateCheck = 1320;
				LastUpgradeCheck = 1320;
				TargetAttributes = {
					AC95461A27E82B5100518224 = {
						CreatedOnToolsVersion = 13.2.1;
					};
					AC95463027E82B5200518224 = {
						CreatedOnToolsVersion = 13.2.1;
						TestTargetID = AC95461A27E82B5100518224;
					};
					AC95463A27E82B5200518224 = {
						CreatedOnToolsVersion = 13.2.1;
						TestTargetID = AC95461A27E82B5100518224;
					};
				};
			};
			buildConfigurationList = AC95461627E82B5100518224 /* Build configuration list for PBXProject "BBVK" */;
			compatibilityVersion = "Xcode 13.0";
			developmentRegion = en;
			hasScannedForEncodings = 0;
			knownRegions = (
				en,
				Base,
			);
			mainGroup = AC95461227E82B5100518224;
			productRefGroup = AC95461C27E82B5100518224 /* Products */;
			projectDirPath = "";
			projectRoot = "";
			targets = (
				AC95461A27E82B5100518224 /* BBVK */,
				AC95463027E82B5200518224 /* BBVKTests */,
				AC95463A27E82B5200518224 /* BBVKUITests */,
			);
		};
/* End PBXProject section */

/* Begin PBXResourcesBuildPhase section */
		AC95461927E82B5100518224 /* Resources */ = {
			isa = PBXResourcesBuildPhase;
			buildActionMask = 2147483647;
			files = (
				AC95462B27E82B5200518224 /* LaunchScreen.storyboard in Resources */,
				AC95462827E82B5200518224 /* Assets.xcassets in Resources */,
				AC95462627E82B5100518224 /* Main.storyboard in Resources */,
			);
			runOnlyForDeploymentPostprocessing = 0;
		};
		AC95462F27E82B5200518224 /* Resources */ = {
			isa = PBXResourcesBuildPhase;
			buildActionMask = 2147483647;
			files = (
			);
			runOnlyForDeploymentPostprocessing = 0;
		};
		AC95463927E82B5200518224 /* Resources */ = {
			isa = PBXResourcesBuildPhase;
			buildActionMask = 2147483647;
			files = (
			);
			runOnlyForDeploymentPostprocessing = 0;
		};
/* End PBXResourcesBuildPhase section */

/* Begin PBXSourcesBuildPhase section */
		AC95461727E82B5100518224 /* Sources */ = {
			isa = PBXSourcesBuildPhase;
			buildActionMask = 2147483647;
			files = (
				AC95467227E83D2000518224 /* PasswordCreationView.swift in Sources */,
				AC95466E27E8387E00518224 /* constants.swift in Sources */,
				AC95461F27E82B5100518224 /* AppDelegate.swift in Sources */,
				AC95466C27E8387E00518224 /* uploaddocument sunview.swift in Sources */,
				AC95466B27E8387E00518224 /* ViewController.swift in Sources */,
				AC95466F27E8387E00518224 /* BBVKUtilities.swift in Sources */,
				AC95462127E82B5100518224 /* SceneDelegate.swift in Sources */,
				AC95466D27E8387E00518224 /* VerificacionIdentidadWelcome.swift in Sources */,
				AC95467027E8387E00518224 /* Utils.swift in Sources */,
			);
			runOnlyForDeploymentPostprocessing = 0;
		};
		AC95462D27E82B5200518224 /* Sources */ = {
			isa = PBXSourcesBuildPhase;
			buildActionMask = 2147483647;
			files = (
				AC95463627E82B5200518224 /* BBVKTests.swift in Sources */,
			);
			runOnlyForDeploymentPostprocessing = 0;
		};
		AC95463727E82B5200518224 /* Sources */ = {
			isa = PBXSourcesBuildPhase;
			buildActionMask = 2147483647;
			files = (
				AC95465F27E8373500518224 /* uploaddocument sunview.swift in Sources */,
				AC95465E27E8373500518224 /* ViewController.swift in Sources */,
				AC95466027E8373500518224 /* VerificacionIdentidadWelcome.swift in Sources */,
				AC95464027E82B5200518224 /* BBVKUITests.swift in Sources */,
				AC95464227E82B5200518224 /* BBVKUITestsLaunchTests.swift in Sources */,
			);
			runOnlyForDeploymentPostprocessing = 0;
		};
/* End PBXSourcesBuildPhase section */

/* Begin PBXTargetDependency section */
		AC95463327E82B5200518224 /* PBXTargetDependency */ = {
			isa = PBXTargetDependency;
			target = AC95461A27E82B5100518224 /* BBVK */;
			targetProxy = AC95463227E82B5200518224 /* PBXContainerItemProxy */;
		};
		AC95463D27E82B5200518224 /* PBXTargetDependency */ = {
			isa = PBXTargetDependency;
			target = AC95461A27E82B5100518224 /* BBVK */;
			targetProxy = AC95463C27E82B5200518224 /* PBXContainerItemProxy */;
		};
/* End PBXTargetDependency section */

/* Begin PBXVariantGroup section */
		AC95462427E82B5100518224 /* Main.storyboard */ = {
			isa = PBXVariantGroup;
			children = (
				AC95462527E82B5100518224 /* Base */,
			);
			name = Main.storyboard;
			sourceTree = "<group>";
		};
		AC95462927E82B5200518224 /* LaunchScreen.storyboard */ = {
			isa = PBXVariantGroup;
			children = (
				AC95462A27E82B5200518224 /* Base */,
			);
			name = LaunchScreen.storyboard;
			sourceTree = "<group>";
		};
/* End PBXVariantGroup section */

/* Begin XCBuildConfiguration section */
		AC95464327E82B5200518224 /* Debug */ = {
			isa = XCBuildConfiguration;
			buildSettings = {
				ALWAYS_SEARCH_USER_PATHS = NO;
				CLANG_ANALYZER_NONNULL = YES;
				CLANG_ANALYZER_NUMBER_OBJECT_CONVERSION = YES_AGGRESSIVE;
				CLANG_CXX_LANGUAGE_STANDARD = "gnu++17";
				CLANG_CXX_LIBRARY = "libc++";
				CLANG_ENABLE_MODULES = YES;
				CLANG_ENABLE_OBJC_ARC = YES;
				CLANG_ENABLE_OBJC_WEAK = YES;
				CLANG_WARN_BLOCK_CAPTURE_AUTORELEASING = YES;
				CLANG_WARN_BOOL_CONVERSION = YES;
				CLANG_WARN_COMMA = YES;
				CLANG_WARN_CONSTANT_CONVERSION = YES;
				CLANG_WARN_DEPRECATED_OBJC_IMPLEMENTATIONS = YES;
				CLANG_WARN_DIRECT_OBJC_ISA_USAGE = YES_ERROR;
				CLANG_WARN_DOCUMENTATION_COMMENTS = YES;
				CLANG_WARN_EMPTY_BODY = YES;
				CLANG_WARN_ENUM_CONVERSION = YES;
				CLANG_WARN_INFINITE_RECURSION = YES;
				CLANG_WARN_INT_CONVERSION = YES;
				CLANG_WARN_NON_LITERAL_NULL_CONVERSION = YES;
				CLANG_WARN_OBJC_IMPLICIT_RETAIN_SELF = YES;
				CLANG_WARN_OBJC_LITERAL_CONVERSION = YES;
				CLANG_WARN_OBJC_ROOT_CLASS = YES_ERROR;
				CLANG_WARN_QUOTED_INCLUDE_IN_FRAMEWORK_HEADER = YES;
				CLANG_WARN_RANGE_LOOP_ANALYSIS = YES;
				CLANG_WARN_STRICT_PROTOTYPES = YES;
				CLANG_WARN_SUSPICIOUS_MOVE = YES;
				CLANG_WARN_UNGUARDED_AVAILABILITY = YES_AGGRESSIVE;
				CLANG_WARN_UNREACHABLE_CODE = YES;
				CLANG_WARN__DUPLICATE_METHOD_MATCH = YES;
				COPY_PHASE_STRIP = NO;
				DEBUG_INFORMATION_FORMAT = dwarf;
				ENABLE_STRICT_OBJC_MSGSEND = YES;
				ENABLE_TESTABILITY = YES;
				GCC_C_LANGUAGE_STANDARD = gnu11;
				GCC_DYNAMIC_NO_PIC = NO;
				GCC_NO_COMMON_BLOCKS = YES;
				GCC_OPTIMIZATION_LEVEL = 0;
				GCC_PREPROCESSOR_DEFINITIONS = (
					"DEBUG=1",
					"$(inherited)",
				);
				GCC_WARN_64_TO_32_BIT_CONVERSION = YES;
				GCC_WARN_ABOUT_RETURN_TYPE = YES_ERROR;
				GCC_WARN_UNDECLARED_SELECTOR = YES;
				GCC_WARN_UNINITIALIZED_AUTOS = YES_AGGRESSIVE;
				GCC_WARN_UNUSED_FUNCTION = YES;
				GCC_WARN_UNUSED_VARIABLE = YES;
				IPHONEOS_DEPLOYMENT_TARGET = 15.2;
				MTL_ENABLE_DEBUG_INFO = INCLUDE_SOURCE;
				MTL_FAST_MATH = YES;
				ONLY_ACTIVE_ARCH = YES;
				SDKROOT = iphoneos;
				SWIFT_ACTIVE_COMPILATION_CONDITIONS = DEBUG;
				SWIFT_OPTIMIZATION_LEVEL = "-Onone";
			};
			name = Debug;
		};
		AC95464427E82B5200518224 /* Release */ = {
			isa = XCBuildConfiguration;
			buildSettings = {
				ALWAYS_SEARCH_USER_PATHS = NO;
				CLANG_ANALYZER_NONNULL = YES;
				CLANG_ANALYZER_NUMBER_OBJECT_CONVERSION = YES_AGGRESSIVE;
				CLANG_CXX_LANGUAGE_STANDARD = "gnu++17";
				CLANG_CXX_LIBRARY = "libc++";
				CLANG_ENABLE_MODULES = YES;
				CLANG_ENABLE_OBJC_ARC = YES;
				CLANG_ENABLE_OBJC_WEAK = YES;
				CLANG_WARN_BLOCK_CAPTURE_AUTORELEASING = YES;
				CLANG_WARN_BOOL_CONVERSION = YES;
				CLANG_WARN_COMMA = YES;
				CLANG_WARN_CONSTANT_CONVERSION = YES;
				CLANG_WARN_DEPRECATED_OBJC_IMPLEMENTATIONS = YES;
				CLANG_WARN_DIRECT_OBJC_ISA_USAGE = YES_ERROR;
				CLANG_WARN_DOCUMENTATION_COMMENTS = YES;
				CLANG_WARN_EMPTY_BODY = YES;
				CLANG_WARN_ENUM_CONVERSION = YES;
				CLANG_WARN_INFINITE_RECURSION = YES;
				CLANG_WARN_INT_CONVERSION = YES;
				CLANG_WARN_NON_LITERAL_NULL_CONVERSION = YES;
				CLANG_WARN_OBJC_IMPLICIT_RETAIN_SELF = YES;
				CLANG_WARN_OBJC_LITERAL_CONVERSION = YES;
				CLANG_WARN_OBJC_ROOT_CLASS = YES_ERROR;
				CLANG_WARN_QUOTED_INCLUDE_IN_FRAMEWORK_HEADER = YES;
				CLANG_WARN_RANGE_LOOP_ANALYSIS = YES;
				CLANG_WARN_STRICT_PROTOTYPES = YES;
				CLANG_WARN_SUSPICIOUS_MOVE = YES;
				CLANG_WARN_UNGUARDED_AVAILABILITY = YES_AGGRESSIVE;
				CLANG_WARN_UNREACHABLE_CODE = YES;
				CLANG_WARN__DUPLICATE_METHOD_MATCH = YES;
				COPY_PHASE_STRIP = NO;
				DEBUG_INFORMATION_FORMAT = "dwarf-with-dsym";
				ENABLE_NS_ASSERTIONS = NO;
				ENABLE_STRICT_OBJC_MSGSEND = YES;
				GCC_C_LANGUAGE_STANDARD = gnu11;
				GCC_NO_COMMON_BLOCKS = YES;
				GCC_WARN_64_TO_32_BIT_CONVERSION = YES;
				GCC_WARN_ABOUT_RETURN_TYPE = YES_ERROR;
				GCC_WARN_UNDECLARED_SELECTOR = YES;
				GCC_WARN_UNINITIALIZED_AUTOS = YES_AGGRESSIVE;
				GCC_WARN_UNUSED_FUNCTION = YES;
				GCC_WARN_UNUSED_VARIABLE = YES;
				IPHONEOS_DEPLOYMENT_TARGET = 15.2;
				MTL_ENABLE_DEBUG_INFO = NO;
				MTL_FAST_MATH = YES;
				SDKROOT = iphoneos;
				SWIFT_COMPILATION_MODE = wholemodule;
				SWIFT_OPTIMIZATION_LEVEL = "-O";
				VALIDATE_PRODUCT = YES;
			};
			name = Release;
		};
		AC95464627E82B5200518224 /* Debug */ = {
			isa = XCBuildConfiguration;
			buildSettings = {
				ASSETCATALOG_COMPILER_APPICON_NAME = AppIcon;
				ASSETCATALOG_COMPILER_GLOBAL_ACCENT_COLOR_NAME = AccentColor;
				CODE_SIGN_STYLE = Automatic;
				CURRENT_PROJECT_VERSION = 1;
				DEVELOPMENT_TEAM = 47KS2LGPM3;
				GENERATE_INFOPLIST_FILE = YES;
				INFOPLIST_FILE = BBVK/Info.plist;
				INFOPLIST_KEY_UIApplicationSupportsIndirectInputEvents = YES;
				INFOPLIST_KEY_UILaunchStoryboardName = LaunchScreen;
				INFOPLIST_KEY_UIMainStoryboardFile = Main;
				INFOPLIST_KEY_UISupportedInterfaceOrientations_iPad = "UIInterfaceOrientationPortrait UIInterfaceOrientationPortraitUpsideDown UIInterfaceOrientationLandscapeLeft UIInterfaceOrientationLandscapeRight";
				INFOPLIST_KEY_UISupportedInterfaceOrientations_iPhone = "UIInterfaceOrientationPortrait UIInterfaceOrientationLandscapeLeft UIInterfaceOrientationLandscapeRight";
				LD_RUNPATH_SEARCH_PATHS = (
					"$(inherited)",
					"@executable_path/Frameworks",
				);
				MARKETING_VERSION = 1.0;
				PRODUCT_BUNDLE_IDENTIFIER = com.jonathanavila.BBVK;
				PRODUCT_NAME = "$(TARGET_NAME)";
				SWIFT_EMIT_LOC_STRINGS = YES;
				SWIFT_VERSION = 5.0;
				TARGETED_DEVICE_FAMILY = "1,2";
			};
			name = Debug;
		};
		AC95464727E82B5200518224 /* Release */ = {
			isa = XCBuildConfiguration;
			buildSettings = {
				ASSETCATALOG_COMPILER_APPICON_NAME = AppIcon;
				ASSETCATALOG_COMPILER_GLOBAL_ACCENT_COLOR_NAME = AccentColor;
				CODE_SIGN_STYLE = Automatic;
				CURRENT_PROJECT_VERSION = 1;
				DEVELOPMENT_TEAM = 47KS2LGPM3;
				GENERATE_INFOPLIST_FILE = YES;
				INFOPLIST_FILE = BBVK/Info.plist;
				INFOPLIST_KEY_UIApplicationSupportsIndirectInputEvents = YES;
				INFOPLIST_KEY_UILaunchStoryboardName = LaunchScreen;
				INFOPLIST_KEY_UIMainStoryboardFile = Main;
				INFOPLIST_KEY_UISupportedInterfaceOrientations_iPad = "UIInterfaceOrientationPortrait UIInterfaceOrientationPortraitUpsideDown UIInterfaceOrientationLandscapeLeft UIInterfaceOrientationLandscapeRight";
				INFOPLIST_KEY_UISupportedInterfaceOrientations_iPhone = "UIInterfaceOrientationPortrait UIInterfaceOrientationLandscapeLeft UIInterfaceOrientationLandscapeRight";
				LD_RUNPATH_SEARCH_PATHS = (
					"$(inherited)",
					"@executable_path/Frameworks",
				);
				MARKETING_VERSION = 1.0;
				PRODUCT_BUNDLE_IDENTIFIER = com.jonathanavila.BBVK;
				PRODUCT_NAME = "$(TARGET_NAME)";
				SWIFT_EMIT_LOC_STRINGS = YES;
				SWIFT_VERSION = 5.0;
				TARGETED_DEVICE_FAMILY = "1,2";
			};
			name = Release;
		};
		AC95464927E82B5200518224 /* Debug */ = {
			isa = XCBuildConfiguration;
			buildSettings = {
				ALWAYS_EMBED_SWIFT_STANDARD_LIBRARIES = YES;
				BUNDLE_LOADER = "$(TEST_HOST)";
				CODE_SIGN_STYLE = Automatic;
				CURRENT_PROJECT_VERSION = 1;
				DEVELOPMENT_TEAM = 47KS2LGPM3;
				GENERATE_INFOPLIST_FILE = YES;
				IPHONEOS_DEPLOYMENT_TARGET = 15.2;
				MARKETING_VERSION = 1.0;
				PRODUCT_BUNDLE_IDENTIFIER = com.jonathanavila.BBVKTests;
				PRODUCT_NAME = "$(TARGET_NAME)";
				SWIFT_EMIT_LOC_STRINGS = NO;
				SWIFT_VERSION = 5.0;
				TARGETED_DEVICE_FAMILY = "1,2";
				TEST_HOST = "$(BUILT_PRODUCTS_DIR)/BBVK.app/BBVK";
			};
			name = Debug;
		};
		AC95464A27E82B5200518224 /* Release */ = {
			isa = XCBuildConfiguration;
			buildSettings = {
				ALWAYS_EMBED_SWIFT_STANDARD_LIBRARIES = YES;
				BUNDLE_LOADER = "$(TEST_HOST)";
				CODE_SIGN_STYLE = Automatic;
				CURRENT_PROJECT_VERSION = 1;
				DEVELOPMENT_TEAM = 47KS2LGPM3;
				GENERATE_INFOPLIST_FILE = YES;
				IPHONEOS_DEPLOYMENT_TARGET = 15.2;
				MARKETING_VERSION = 1.0;
				PRODUCT_BUNDLE_IDENTIFIER = com.jonathanavila.BBVKTests;
				PRODUCT_NAME = "$(TARGET_NAME)";
				SWIFT_EMIT_LOC_STRINGS = NO;
				SWIFT_VERSION = 5.0;
				TARGETED_DEVICE_FAMILY = "1,2";
				TEST_HOST = "$(BUILT_PRODUCTS_DIR)/BBVK.app/BBVK";
			};
			name = Release;
		};
		AC95464C27E82B5200518224 /* Debug */ = {
			isa = XCBuildConfiguration;
			buildSettings = {
				ALWAYS_EMBED_SWIFT_STANDARD_LIBRARIES = YES;
				CODE_SIGN_STYLE = Automatic;
				CURRENT_PROJECT_VERSION = 1;
				DEVELOPMENT_TEAM = 47KS2LGPM3;
				GENERATE_INFOPLIST_FILE = YES;
				MARKETING_VERSION = 1.0;
				PRODUCT_BUNDLE_IDENTIFIER = com.jonathanavila.BBVKUITests;
				PRODUCT_NAME = "$(TARGET_NAME)";
				SWIFT_EMIT_LOC_STRINGS = NO;
				SWIFT_VERSION = 5.0;
				TARGETED_DEVICE_FAMILY = "1,2";
				TEST_TARGET_NAME = BBVK;
			};
			name = Debug;
		};
		AC95464D27E82B5200518224 /* Release */ = {
			isa = XCBuildConfiguration;
			buildSettings = {
				ALWAYS_EMBED_SWIFT_STANDARD_LIBRARIES = YES;
				CODE_SIGN_STYLE = Automatic;
				CURRENT_PROJECT_VERSION = 1;
				DEVELOPMENT_TEAM = 47KS2LGPM3;
				GENERATE_INFOPLIST_FILE = YES;
				MARKETING_VERSION = 1.0;
				PRODUCT_BUNDLE_IDENTIFIER = com.jonathanavila.BBVKUITests;
				PRODUCT_NAME = "$(TARGET_NAME)";
				SWIFT_EMIT_LOC_STRINGS = NO;
				SWIFT_VERSION = 5.0;
				TARGETED_DEVICE_FAMILY = "1,2";
				TEST_TARGET_NAME = BBVK;
			};
			name = Release;
		};
/* End XCBuildConfiguration section */

/* Begin XCConfigurationList section */
		AC95461627E82B5100518224 /* Build configuration list for PBXProject "BBVK" */ = {
			isa = XCConfigurationList;
			buildConfigurations = (
				AC95464327E82B5200518224 /* Debug */,
				AC95464427E82B5200518224 /* Release */,
			);
			defaultConfigurationIsVisible = 0;
			defaultConfigurationName = Release;
		};
		AC95464527E82B5200518224 /* Build configuration list for PBXNativeTarget "BBVK" */ = {
			isa = XCConfigurationList;
			buildConfigurations = (
				AC95464627E82B5200518224 /* Debug */,
				AC95464727E82B5200518224 /* Release */,
			);
			defaultConfigurationIsVisible = 0;
			defaultConfigurationName = Release;
		};
		AC95464827E82B5200518224 /* Build configuration list for PBXNativeTarget "BBVKTests" */ = {
			isa = XCConfigurationList;
			buildConfigurations = (
				AC95464927E82B5200518224 /* Debug */,
				AC95464A27E82B5200518224 /* Release */,
			);
			defaultConfigurationIsVisible = 0;
			defaultConfigurationName = Release;
		};
		AC95464B27E82B5200518224 /* Build configuration list for PBXNativeTarget "BBVKUITests" */ = {
			isa = XCConfigurationList;
			buildConfigurations = (
				AC95464C27E82B5200518224 /* Debug */,
				AC95464D27E82B5200518224 /* Release */,
			);
			defaultConfigurationIsVisible = 0;
			defaultConfigurationName = Release;
		};
/* End XCConfigurationList section */
	};
	rootObject = AC95461327E82B5100518224 /* Project object */;
}
